
Microsoft Visual Studio Solution File, Format Version 12.00
# Visual Studio 2012
Project("{8BC9CEB8-8B4A-11D0-8D11-00A0C91BC942}") = "libAjvar", "libAjvar.vcxproj", "{D0210371-2AE5-4565-A2D4-4304C0DD2325}"
EndProject
Project("{8BC9CEB8-8B4A-11D0-8D11-00A0C91BC942}") = "libAjvarTests", "libAjvarTests.vcxproj", "{98BD1968-63FE-4BE8-8F9B-F97D5469F4FF}"
	ProjectSection(ProjectDependencies) = postProject
		{D0210371-2AE5-4565-A2D4-4304C0DD2325} = {D0210371-2AE5-4565-A2D4-4304C0DD2325}
	EndProjectSection
EndProject
Global
	GlobalSection(SolutionConfigurationPlatforms) = preSolution
		Debug|Win32 = Debug|Win32
		Release|Win32 = Release|Win32
	EndGlobalSection
	GlobalSection(ProjectConfigurationPlatforms) = postSolution
		{D0210371-2AE5-4565-A2D4-4304C0DD2325}.Debug|Win32.ActiveCfg = Debug|Win32
		{D0210371-2AE5-4565-A2D4-4304C0DD2325}.Debug|Win32.Build.0 = Debug|Win32
		{D0210371-2AE5-4565-A2D4-4304C0DD2325}.Release|Win32.ActiveCfg = Release|Win32
		{D0210371-2AE5-4565-A2D4-4304C0DD2325}.Release|Win32.Build.0 = Release|Win32
		{98BD1968-63FE-4BE8-8F9B-F97D5469F4FF}.Debug|Win32.ActiveCfg = Debug|Win32
		{98BD1968-63FE-4BE8-8F9B-F97D5469F4FF}.Debug|Win32.Build.0 = Debug|Win32
		{98BD1968-63FE-4BE8-8F9B-F97D5469F4FF}.Release|Win32.ActiveCfg = Release|Win32
		{98BD1968-63FE-4BE8-8F9B-F97D5469F4FF}.Release|Win32.Build.0 = Release|Win32
	EndGlobalSection
	GlobalSection(SolutionProperties) = preSolution
		HideSolutionNode = FALSE
	EndGlobalSection
EndGlobal
