<?xml version="1.0" encoding="utf-8"?>
<Project ToolsVersion="4.0" xmlns="http://schemas.microsoft.com/developer/msbuild/2003">
  <ItemGroup>
    <ClInclude Include="libAjvar\stdafx.h" />
    <ClInclude Include="targetspecs\targetver.h" />
    <ClInclude Include="libAjvar\include\ajvar.h">
      <Filter>src</Filter>
    </ClInclude>
  </ItemGroup>
  <ItemGroup>
    <ClCompile Include="libAjvar\stdafx.cpp" />
    <ClCompile Include="libAjvar\src\ajvar.cpp">
      <Filter>src</Filter>
    </ClCompile>
  </ItemGroup>
  <ItemGroup>
    <Filter Include="src">
      <UniqueIdentifier>{52507778-e828-4b18-8f34-129584329cdc}</UniqueIdentifier>
    </Filter>
  </ItemGroup>
</Project>