<?xml version="1.0" encoding="utf-8"?>
<Project ToolsVersion="4.0" xmlns="http://schemas.microsoft.com/developer/msbuild/2003">
  <ItemGroup>
    <Filter Include="tests">
      <UniqueIdentifier>{E5362B6C-6B3E-4510-9BC5-CB968B1CD22B}</UniqueIdentifier>
    </Filter>
    <Filter Include="mocks">
      <UniqueIdentifier>{697C4C35-2559-4A76-863F-E84C21FD0977}</UniqueIdentifier>
    </Filter>
    <Filter Include="data">
      <UniqueIdentifier>{4D93EAAA-E90C-4E52-ABA6-4A7DF7F5993A}</UniqueIdentifier>
    </Filter>
  </ItemGroup>
  <ItemGroup>
    <ClCompile Include="libAjvarTests\ajvarTest.cpp">
      <Filter>tests</Filter>
    </ClCompile>
  </ItemGroup>
</Project>